{
  "requires": true,
  "lockfileVersion": 1,
  "dependencies": {
    "angularx-social-login": {
      "version": "4.0.1",
      "resolved": "https://registry.npmjs.org/angularx-social-login/-/angularx-social-login-4.0.1.tgz",
      "integrity": "sha512-dL65y0HXlKd8hhuH70/FFTxWsndEBU5DX2I1x7AcJ1ZAYpU6LPtQMbnzy10eSOcWZNeZX8XzaRaIbc4P+GjmvA==",
      "requires": {
        "tslib": "^2.0.0"
      }
    },
    "tslib": {
      "version": "2.3.1",
      "resolved": "https://registry.npmjs.org/tslib/-/tslib-2.3.1.tgz",
      "integrity": "sha512-77EbyPPpMz+FRFRuAFlWMtmgUWGe9UOG2Z25NqCwiIjRhOf5iKGuzSe5P2w1laq+FkRy4p+PCuVkJSGkzTEKVw=="
    }
  }
}
